
Microsoft Visual Studio Solution File, Format Version 12.00
# Visual Studio Version 16
VisualStudioVersion = 16.0.31624.102
MinimumVisualStudioVersion = 10.0.40219.1
Project("{FAE04EC0-301F-11D3-BF4B-00C04F79EFBC}") = "webapp", "webapp\webapp.csproj", "{7A19F80C-6A64-4CEA-B54E-EF1721FAEA79}"
EndProject
Global
	GlobalSection(SolutionConfigurationPlatforms) = preSolution
		Debug|Any CPU = Debug|Any CPU
		Release|Any CPU = Release|Any CPU
	EndGlobalSection
	GlobalSection(ProjectConfigurationPlatforms) = postSolution
		{7A19F80C-6A64-4CEA-B54E-EF1721FAEA79}.Debug|Any CPU.ActiveCfg = Debug|Any CPU
		{7A19F80C-6A64-4CEA-B54E-EF1721FAEA79}.Debug|Any CPU.Build.0 = Debug|Any CPU
		{7A19F80C-6A64-4CEA-B54E-EF1721FAEA79}.Release|Any CPU.ActiveCfg = Release|Any CPU
		{7A19F80C-6A64-4CEA-B54E-EF1721FAEA79}.Release|Any CPU.Build.0 = Release|Any CPU
	EndGlobalSection
	GlobalSection(SolutionProperties) = preSolution
		HideSolutionNode = FALSE
	EndGlobalSection
	GlobalSection(ExtensibilityGlobals) = postSolution
		SolutionGuid = {42FC1456-DFCC-4506-A63B-C3AD1DB9A41A}
	EndGlobalSection
EndGlobal
